{
  "name": "ingest-bgp",
  "version": "1.0.0",
  "lockfileVersion": 3,
  "requires": true,
  "packages": {
    "": {
      "name": "ingest-bgp",
      "version": "1.0.0",
      "license": "MIT",
      "dependencies": {
        "@ip-location-db/geolite2-asn-mmdb": "^2.3.2025082119",
        "@ip-location-db/geolite2-city-mmdb": "^2.3.2025082019",
        "dotenv": "^17.2.1",
        "maxmind": "^5.0.0",
        "redis": "^4.6.12",
        "ws": "^8.16.0"
      }
    },
    "node_modules/@ip-location-db/geolite2-asn-mmdb": {
      "version": "2.3.2025082119",
      "resolved": "https://registry.npmjs.org/@ip-location-db/geolite2-asn-mmdb/-/geolite2-asn-mmdb-2.3.2025082119.tgz",
      "integrity": "sha512-SBAbd6d11bgrdxSnq13om2/x0IRX9GNwodL1TFeuuekTXfwGQiYv4+s7fbrUfKoVDq2tWqz1/tu20mbYKYhHyw==",
      "license": "SEE LICENSE IN GEOLITE2_LICENSE AND GEOLITE2_EULA"
    },
    "node_modules/@ip-location-db/geolite2-city-mmdb": {
      "version": "2.3.2025082019",
      "resolved": "https://registry.npmjs.org/@ip-location-db/geolite2-city-mmdb/-/geolite2-city-mmdb-2.3.2025082019.tgz",
      "integrity": "sha512-x8vJiHYRXsp+PANI3fwHzjGu+BCfLKQpUI8/JoSskOV1WEL//zJ98CWOPiNEPcxIsmJMgcG0xbWrk80mRPKp3w==",
      "license": "SEE LICENSE IN GEOLITE2_LICENSE AND GEOLITE2_EULA"
    },
    "node_modules/@redis/bloom": {
      "version": "1.2.0",
      "resolved": "https://registry.npmjs.org/@redis/bloom/-/bloom-1.2.0.tgz",
      "integrity": "sha512-HG2DFjYKbpNmVXsa0keLHp/3leGJz1mjh09f2RLGGLQZzSHpkmZWuwJbAvo3QcRY8p80m5+ZdXZdYOSBLlp7Cg==",
      "license": "MIT",
      "peerDependencies": {
        "@redis/client": "^1.0.0"
      }
    },
    "node_modules/@redis/client": {
      "version": "1.6.1",
      "resolved": "https://registry.npmjs.org/@redis/client/-/client-1.6.1.tgz",
      "integrity": "sha512-/KCsg3xSlR+nCK8/8ZYSknYxvXHwubJrU82F3Lm1Fp6789VQ0/3RJKfsmRXjqfaTA++23CvC3hqmqe/2GEt6Kw==",
      "license": "MIT",
      "dependencies": {
        "cluster-key-slot": "1.1.2",
        "generic-pool": "3.9.0",
        "yallist": "4.0.0"
      },
      "engines": {
        "node": ">=14"
      }
    },
    "node_modules/@redis/graph": {
      "version": "1.1.1",
      "resolved": "https://registry.npmjs.org/@redis/graph/-/graph-1.1.1.tgz",
      "integrity": "sha512-FEMTcTHZozZciLRl6GiiIB4zGm5z5F3F6a6FZCyrfxdKOhFlGkiAqlexWMBzCi4DcRoyiOsuLfW+cjlGWyExOw==",
      "license": "MIT",
      "peerDependencies": {
        "@redis/client": "^1.0.0"
      }
    },
    "node_modules/@redis/json": {
      "version": "1.0.7",
      "resolved": "https://registry.npmjs.org/@redis/json/-/json-1.0.7.tgz",
      "integrity": "sha512-6UyXfjVaTBTJtKNG4/9Z8PSpKE6XgSyEb8iwaqDcy+uKrd/DGYHTWkUdnQDyzm727V7p21WUMhsqz5oy65kPcQ==",
      "license": "MIT",
      "peerDependencies": {
        "@redis/client": "^1.0.0"
      }
    },
    "node_modules/@redis/search": {
      "version": "1.2.0",
      "resolved": "https://registry.npmjs.org/@redis/search/-/search-1.2.0.tgz",
      "integrity": "sha512-tYoDBbtqOVigEDMAcTGsRlMycIIjwMCgD8eR2t0NANeQmgK/lvxNAvYyb6bZDD4frHRhIHkJu2TBRvB0ERkOmw==",
      "license": "MIT",
      "peerDependencies": {
        "@redis/client": "^1.0.0"
      }
    },
    "node_modules/@redis/time-series": {
      "version": "1.1.0",
      "resolved": "https://registry.npmjs.org/@redis/time-series/-/time-series-1.1.0.tgz",
      "integrity": "sha512-c1Q99M5ljsIuc4YdaCwfUEXsofakb9c8+Zse2qxTadu8TalLXuAESzLvFAvNVbkmSlvlzIQOLpBCmWI9wTOt+g==",
      "license": "MIT",
      "peerDependencies": {
        "@redis/client": "^1.0.0"
      }
    },
    "node_modules/cluster-key-slot": {
      "version": "1.1.2",
      "resolved": "https://registry.npmjs.org/cluster-key-slot/-/cluster-key-slot-1.1.2.tgz",
      "integrity": "sha512-RMr0FhtfXemyinomL4hrWcYJxmX6deFdCxpJzhDttxgO1+bcCnkk+9drydLVDmAMG7NE6aN/fl4F7ucU/90gAA==",
      "license": "Apache-2.0",
      "engines": {
        "node": ">=0.10.0"
      }
    },
    "node_modules/dotenv": {
      "version": "17.2.1",
      "resolved": "https://registry.npmjs.org/dotenv/-/dotenv-17.2.1.tgz",
      "integrity": "sha512-kQhDYKZecqnM0fCnzI5eIv5L4cAe/iRI+HqMbO/hbRdTAeXDG+M9FjipUxNfbARuEg4iHIbhnhs78BCHNbSxEQ==",
      "license": "BSD-2-Clause",
      "engines": {
        "node": ">=12"
      },
      "funding": {
        "url": "https://dotenvx.com"
      }
    },
    "node_modules/generic-pool": {
      "version": "3.9.0",
      "resolved": "https://registry.npmjs.org/generic-pool/-/generic-pool-3.9.0.tgz",
      "integrity": "sha512-hymDOu5B53XvN4QT9dBmZxPX4CWhBPPLguTZ9MMFeFa/Kg0xWVfylOVNlJji/E7yTZWFd/q9GO5TxDLq156D7g==",
      "license": "MIT",
      "engines": {
        "node": ">= 4"
      }
    },
    "node_modules/maxmind": {
      "version": "5.0.0",
      "resolved": "https://registry.npmjs.org/maxmind/-/maxmind-5.0.0.tgz",
      "integrity": "sha512-ndhnbeQWKuiBU17BJ6cybUnvcyvNXaK+1VM5n9/I7+TIqAYFLDvX1DSoVfE1hgvZfudvAU9Ts1CW5sxYq/M8dA==",
      "license": "MIT",
      "dependencies": {
        "mmdb-lib": "3.0.1",
        "tiny-lru": "11.3.4"
      },
      "engines": {
        "node": ">=12",
        "npm": ">=6"
      }
    },
    "node_modules/mmdb-lib": {
      "version": "3.0.1",
      "resolved": "https://registry.npmjs.org/mmdb-lib/-/mmdb-lib-3.0.1.tgz",
      "integrity": "sha512-dyAyMR+cRykZd1mw5altC9f4vKpCsuywPwo8l/L5fKqDay2zmqT0mF/BvUoXnQiqGn+nceO914rkPKJoyFnGxA==",
      "license": "MIT",
      "engines": {
        "node": ">=10",
        "npm": ">=6"
      }
    },
    "node_modules/redis": {
      "version": "4.7.1",
      "resolved": "https://registry.npmjs.org/redis/-/redis-4.7.1.tgz",
      "integrity": "sha512-S1bJDnqLftzHXHP8JsT5II/CtHWQrASX5K96REjWjlmWKrviSOLWmM7QnRLstAWsu1VBBV1ffV6DzCvxNP0UJQ==",
      "license": "MIT",
      "workspaces": [
        "./packages/*"
      ],
      "dependencies": {
        "@redis/bloom": "1.2.0",
        "@redis/client": "1.6.1",
        "@redis/graph": "1.1.1",
        "@redis/json": "1.0.7",
        "@redis/search": "1.2.0",
        "@redis/time-series": "1.1.0"
      }
    },
    "node_modules/tiny-lru": {
      "version": "11.3.4",
      "resolved": "https://registry.npmjs.org/tiny-lru/-/tiny-lru-11.3.4.tgz",
      "integrity": "sha512-UxWEfRKpFCabAf6fkTNdlfSw/RDUJ/4C6i1aLZaDnGF82PERHyYhz5CMCVYXtLt34LbqgfpJ2bjmgGKgxuF/6A==",
      "license": "BSD-3-Clause",
      "engines": {
        "node": ">=12"
      }
    },
    "node_modules/ws": {
      "version": "8.18.3",
      "resolved": "https://registry.npmjs.org/ws/-/ws-8.18.3.tgz",
      "integrity": "sha512-PEIGCY5tSlUt50cqyMXfCzX+oOPqN0vuGqWzbcJ2xvnkzkq46oOpz7dQaTDBdfICb4N14+GARUDw2XV2N4tvzg==",
      "license": "MIT",
      "engines": {
        "node": ">=10.0.0"
      },
      "peerDependencies": {
        "bufferutil": "^4.0.1",
        "utf-8-validate": ">=5.0.2"
      },
      "peerDependenciesMeta": {
        "bufferutil": {
          "optional": true
        },
        "utf-8-validate": {
          "optional": true
        }
      }
    },
    "node_modules/yallist": {
      "version": "4.0.0",
      "resolved": "https://registry.npmjs.org/yallist/-/yallist-4.0.0.tgz",
      "integrity": "sha512-3wdGidZyq5PB084XLES5TpOSRA3wjXAlIWMhum2kRcv/41Sn2emQ0dycQW4uZXLejwKvg6EsvbdlVL+FYEct7A==",
      "license": "ISC"
    }
  }
}
